// !$*UTF8*$!
{
	archiveVersion = 1;
	classes = {
	};
	objectVersion = 51;
	objects = {

/* Begin PBXBuildFile section */
		3DC2E38A22B2DA434584EA5F /* Pods_Quakes.framework in Frameworks */ = {isa = PBXBuildFile; fileRef = 8679CA2E95332E1674512B6D /* Pods_Quakes.framework */; };
		55221A8D236280F60042A038 /* AppDelegate.swift in Sources */ = {isa = PBXBuildFile; fileRef = 55221A8C236280F60042A038 /* AppDelegate.swift */; };
		55221A8F236280F60042A038 /* SceneDelegate.swift in Sources */ = {isa = PBXBuildFile; fileRef = 55221A8E236280F60042A038 /* SceneDelegate.swift */; };
		55221A94236280F60042A038 /* Main.storyboard in Resources */ = {isa = PBXBuildFile; fileRef = 55221A92236280F60042A038 /* Main.storyboard */; };
		55221A96236280F80042A038 /* Assets.xcassets in Resources */ = {isa = PBXBuildFile; fileRef = 55221A95236280F80042A038 /* Assets.xcassets */; };
		55221A99236280F80042A038 /* LaunchScreen.storyboard in Resources */ = {isa = PBXBuildFile; fileRef = 55221A97236280F80042A038 /* LaunchScreen.storyboard */; };
		55221AA4236280F80042A038 /* APIManagerTests.swift in Sources */ = {isa = PBXBuildFile; fileRef = 55221AA3236280F80042A038 /* APIManagerTests.swift */; };
		55221AAF236283870042A038 /* APIManager.swift in Sources */ = {isa = PBXBuildFile; fileRef = 55221AAE236283870042A038 /* APIManager.swift */; };
		55221AB22362848E0042A038 /* QuakeDataModel.swift in Sources */ = {isa = PBXBuildFile; fileRef = 55221AB12362848E0042A038 /* QuakeDataModel.swift */; };
		55221AB5236296840042A038 /* Date+Extension.swift in Sources */ = {isa = PBXBuildFile; fileRef = 55221AB4236296840042A038 /* Date+Extension.swift */; };
		55221AB7236299690042A038 /* Double+Extension.swift in Sources */ = {isa = PBXBuildFile; fileRef = 55221AB6236299690042A038 /* Double+Extension.swift */; };
		55221ABA2363A4770042A038 /* MainViewController.swift in Sources */ = {isa = PBXBuildFile; fileRef = 55221AB92363A4770042A038 /* MainViewController.swift */; };
		7B07D4CD8C9170089AF17334 /* Pods_QuakesTests.framework in Frameworks */ = {isa = PBXBuildFile; fileRef = F71C098573403A98A66B513F /* Pods_QuakesTests.framework */; };
/* End PBXBuildFile section */

/* Begin PBXContainerItemProxy section */
		55221AA0236280F80042A038 /* PBXContainerItemProxy */ = {
			isa = PBXContainerItemProxy;
			containerPortal = 55221A81236280F60042A038 /* Project object */;
			proxyType = 1;
			remoteGlobalIDString = 55221A88236280F60042A038;
			remoteInfo = Quakes;
		};
/* End PBXContainerItemProxy section */

/* Begin PBXFileReference section */
		257192631A405E72169D171C /* Pods-Quakes.debug.xcconfig */ = {isa = PBXFileReference; includeInIndex = 1; lastKnownFileType = text.xcconfig; name = "Pods-Quakes.debug.xcconfig"; path = "Target Support Files/Pods-Quakes/Pods-Quakes.debug.xcconfig"; sourceTree = "<group>"; };
		55221A89236280F60042A038 /* Quakes.app */ = {isa = PBXFileReference; explicitFileType = wrapper.application; includeInIndex = 0; path = Quakes.app; sourceTree = BUILT_PRODUCTS_DIR; };
		55221A8C236280F60042A038 /* AppDelegate.swift */ = {isa = PBXFileReference; lastKnownFileType = sourcecode.swift; path = AppDelegate.swift; sourceTree = "<group>"; };
		55221A8E236280F60042A038 /* SceneDelegate.swift */ = {isa = PBXFileReference; lastKnownFileType = sourcecode.swift; path = SceneDelegate.swift; sourceTree = "<group>"; };
		55221A93236280F60042A038 /* Base */ = {isa = PBXFileReference; lastKnownFileType = file.storyboard; name = Base; path = Base.lproj/Main.storyboard; sourceTree = "<group>"; };
		55221A95236280F80042A038 /* Assets.xcassets */ = {isa = PBXFileReference; lastKnownFileType = folder.assetcatalog; path = Assets.xcassets; sourceTree = "<group>"; };
		55221A98236280F80042A038 /* Base */ = {isa = PBXFileReference; lastKnownFileType = file.storyboard; name = Base; path = Base.lproj/LaunchScreen.storyboard; sourceTree = "<group>"; };
		55221A9A236280F80042A038 /* Info.plist */ = {isa = PBXFileReference; lastKnownFileType = text.plist.xml; path = Info.plist; sourceTree = "<group>"; };
		55221A9F236280F80042A038 /* QuakesTests.xctest */ = {isa = PBXFileReference; explicitFileType = wrapper.cfbundle; includeInIndex = 0; path = QuakesTests.xctest; sourceTree = BUILT_PRODUCTS_DIR; };
		55221AA3236280F80042A038 /* APIManagerTests.swift */ = {isa = PBXFileReference; lastKnownFileType = sourcecode.swift; path = APIManagerTests.swift; sourceTree = "<group>"; };
		55221AA5236280F80042A038 /* Info.plist */ = {isa = PBXFileReference; lastKnownFileType = text.plist.xml; path = Info.plist; sourceTree = "<group>"; };
		55221AAE236283870042A038 /* APIManager.swift */ = {isa = PBXFileReference; lastKnownFileType = sourcecode.swift; path = APIManager.swift; sourceTree = "<group>"; };
		55221AB12362848E0042A038 /* QuakeDataModel.swift */ = {isa = PBXFileReference; lastKnownFileType = sourcecode.swift; path = QuakeDataModel.swift; sourceTree = "<group>"; };
		55221AB4236296840042A038 /* Date+Extension.swift */ = {isa = PBXFileReference; lastKnownFileType = sourcecode.swift; path = "Date+Extension.swift"; sourceTree = "<group>"; };
		55221AB6236299690042A038 /* Double+Extension.swift */ = {isa = PBXFileReference; lastKnownFileType = sourcecode.swift; path = "Double+Extension.swift"; sourceTree = "<group>"; };
		55221AB92363A4770042A038 /* MainViewController.swift */ = {isa = PBXFileReference; lastKnownFileType = sourcecode.swift; path = MainViewController.swift; sourceTree = "<group>"; };
		8679CA2E95332E1674512B6D /* Pods_Quakes.framework */ = {isa = PBXFileReference; explicitFileType = wrapper.framework; includeInIndex = 0; path = Pods_Quakes.framework; sourceTree = BUILT_PRODUCTS_DIR; };
		87019713900DCDE079AEE092 /* Pods-QuakesTests.debug.xcconfig */ = {isa = PBXFileReference; includeInIndex = 1; lastKnownFileType = text.xcconfig; name = "Pods-QuakesTests.debug.xcconfig"; path = "Target Support Files/Pods-QuakesTests/Pods-QuakesTests.debug.xcconfig"; sourceTree = "<group>"; };
		B2D2120234C790A92956F24F /* Pods-Quakes.release.xcconfig */ = {isa = PBXFileReference; includeInIndex = 1; lastKnownFileType = text.xcconfig; name = "Pods-Quakes.release.xcconfig"; path = "Target Support Files/Pods-Quakes/Pods-Quakes.release.xcconfig"; sourceTree = "<group>"; };
		DE120EF4BD28CAB0AD899CC6 /* Pods-QuakesTests.release.xcconfig */ = {isa = PBXFileReference; includeInIndex = 1; lastKnownFileType = text.xcconfig; name = "Pods-QuakesTests.release.xcconfig"; path = "Target Support Files/Pods-QuakesTests/Pods-QuakesTests.release.xcconfig"; sourceTree = "<group>"; };
		F71C098573403A98A66B513F /* Pods_QuakesTests.framework */ = {isa = PBXFileReference; explicitFileType = wrapper.framework; includeInIndex = 0; path = Pods_QuakesTests.framework; sourceTree = BUILT_PRODUCTS_DIR; };
/* End PBXFileReference section */

/* Begin PBXFrameworksBuildPhase section */
		55221A86236280F60042A038 /* Frameworks */ = {
			isa = PBXFrameworksBuildPhase;
			buildActionMask = 2147483647;
			files = (
				3DC2E38A22B2DA434584EA5F /* Pods_Quakes.framework in Frameworks */,
			);
			runOnlyForDeploymentPostprocessing = 0;
		};
		55221A9C236280F80042A038 /* Frameworks */ = {
			isa = PBXFrameworksBuildPhase;
			buildActionMask = 2147483647;
			files = (
				7B07D4CD8C9170089AF17334 /* Pods_QuakesTests.framework in Frameworks */,
			);
			runOnlyForDeploymentPostprocessing = 0;
		};
/* End PBXFrameworksBuildPhase section */

/* Begin PBXGroup section */
		4D998AB2C5DDDC5653684033 /* Pods */ = {
			isa = PBXGroup;
			children = (
				257192631A405E72169D171C /* Pods-Quakes.debug.xcconfig */,
				B2D2120234C790A92956F24F /* Pods-Quakes.release.xcconfig */,
				87019713900DCDE079AEE092 /* Pods-QuakesTests.debug.xcconfig */,
				DE120EF4BD28CAB0AD899CC6 /* Pods-QuakesTests.release.xcconfig */,
			);
			path = Pods;
			sourceTree = "<group>";
		};
		55221A80236280F60042A038 = {
			isa = PBXGroup;
			children = (
				55221A8B236280F60042A038 /* Quakes */,
				55221AA2236280F80042A038 /* QuakesTests */,
				55221A8A236280F60042A038 /* Products */,
				4D998AB2C5DDDC5653684033 /* Pods */,
				66EAFDC36D23994595EA08BC /* Frameworks */,
			);
			sourceTree = "<group>";
		};
		55221A8A236280F60042A038 /* Products */ = {
			isa = PBXGroup;
			children = (
				55221A89236280F60042A038 /* Quakes.app */,
				55221A9F236280F80042A038 /* QuakesTests.xctest */,
			);
			name = Products;
			sourceTree = "<group>";
		};
		55221A8B236280F60042A038 /* Quakes */ = {
			isa = PBXGroup;
			children = (
				55221AB82363A43E0042A038 /* View */,
				55221AB3236296690042A038 /* Extensions */,
				55221AB02362838D0042A038 /* Models */,
				55221A8C236280F60042A038 /* AppDelegate.swift */,
				55221A8E236280F60042A038 /* SceneDelegate.swift */,
				55221A95236280F80042A038 /* Assets.xcassets */,
				55221A97236280F80042A038 /* LaunchScreen.storyboard */,
				55221A9A236280F80042A038 /* Info.plist */,
			);
			path = Quakes;
			sourceTree = "<group>";
		};
		55221AA2236280F80042A038 /* QuakesTests */ = {
			isa = PBXGroup;
			children = (
				55221AA3236280F80042A038 /* APIManagerTests.swift */,
				55221AA5236280F80042A038 /* Info.plist */,
			);
			path = QuakesTests;
			sourceTree = "<group>";
		};
		55221AB02362838D0042A038 /* Models */ = {
			isa = PBXGroup;
			children = (
				55221AAE236283870042A038 /* APIManager.swift */,
				55221AB12362848E0042A038 /* QuakeDataModel.swift */,
			);
			path = Models;
			sourceTree = "<group>";
		};
		55221AB3236296690042A038 /* Extensions */ = {
			isa = PBXGroup;
			children = (
				55221AB4236296840042A038 /* Date+Extension.swift */,
				55221AB6236299690042A038 /* Double+Extension.swift */,
			);
			path = Extensions;
			sourceTree = "<group>";
		};
		55221AB82363A43E0042A038 /* View */ = {
			isa = PBXGroup;
			children = (
				55221A92236280F60042A038 /* Main.storyboard */,
				55221AB92363A4770042A038 /* MainViewController.swift */,
			);
			path = View;
			sourceTree = "<group>";
		};
		66EAFDC36D23994595EA08BC /* Frameworks */ = {
			isa = PBXGroup;
			children = (
				8679CA2E95332E1674512B6D /* Pods_Quakes.framework */,
				F71C098573403A98A66B513F /* Pods_QuakesTests.framework */,
			);
			name = Frameworks;
			sourceTree = "<group>";
		};
/* End PBXGroup section */

/* Begin PBXNativeTarget section */
		55221A88236280F60042A038 /* Quakes */ = {
			isa = PBXNativeTarget;
			buildConfigurationList = 55221AA8236280F80042A038 /* Build configuration list for PBXNativeTarget "Quakes" */;
			buildPhases = (
				A75A6D63E7F2B65B31E580E7 /* [CP] Check Pods Manifest.lock */,
				55221A85236280F60042A038 /* Sources */,
				55221A86236280F60042A038 /* Frameworks */,
				55221A87236280F60042A038 /* Resources */,
				D134353032967C9678A9EFFE /* [CP] Embed Pods Frameworks */,
			);
			buildRules = (
			);
			dependencies = (
			);
			name = Quakes;
			productName = Quakes;
			productReference = 55221A89236280F60042A038 /* Quakes.app */;
			productType = "com.apple.product-type.application";
		};
		55221A9E236280F80042A038 /* QuakesTests */ = {
			isa = PBXNativeTarget;
			buildConfigurationList = 55221AAB236280F80042A038 /* Build configuration list for PBXNativeTarget "QuakesTests" */;
			buildPhases = (
				85C9ABD51FFFFC924011861E /* [CP] Check Pods Manifest.lock */,
				55221A9B236280F80042A038 /* Sources */,
				55221A9C236280F80042A038 /* Frameworks */,
				55221A9D236280F80042A038 /* Resources */,
			);
			buildRules = (
			);
			dependencies = (
				55221AA1236280F80042A038 /* PBXTargetDependency */,
			);
			name = QuakesTests;
			productName = QuakesTests;
			productReference = 55221A9F236280F80042A038 /* QuakesTests.xctest */;
			productType = "com.apple.product-type.bundle.unit-test";
		};
/* End PBXNativeTarget section */

/* Begin PBXProject section */
		55221A81236280F60042A038 /* Project object */ = {
			isa = PBXProject;
			attributes = {
				LastSwiftUpdateCheck = 1100;
				LastUpgradeCheck = 1100;
				ORGANIZATIONNAME = "Adrian Bolinger";
				TargetAttributes = {
					55221A88236280F60042A038 = {
						CreatedOnToolsVersion = 11.0;
					};
					55221A9E236280F80042A038 = {
						CreatedOnToolsVersion = 11.0;
						TestTargetID = 55221A88236280F60042A038;
					};
				};
			};
			buildConfigurationList = 55221A84236280F60042A038 /* Build configuration list for PBXProject "Quakes" */;
			compatibilityVersion = "Xcode 9.3";
			developmentRegion = en;
			hasScannedForEncodings = 0;
			knownRegions = (
				en,
				Base,
			);
			mainGroup = 55221A80236280F60042A038;
			productRefGroup = 55221A8A236280F60042A038 /* Products */;
			projectDirPath = "";
			projectRoot = "";
			targets = (
				55221A88236280F60042A038 /* Quakes */,
				55221A9E236280F80042A038 /* QuakesTests */,
			);
		};
/* End PBXProject section */

/* Begin PBXResourcesBuildPhase section */
		55221A87236280F60042A038 /* Resources */ = {
			isa = PBXResourcesBuildPhase;
			buildActionMask = 2147483647;
			files = (
				55221A99236280F80042A038 /* LaunchScreen.storyboard in Resources */,
				55221A96236280F80042A038 /* Assets.xcassets in Resources */,
				55221A94236280F60042A038 /* Main.storyboard in Resources */,
			);
			runOnlyForDeploymentPostprocessing = 0;
		};
		55221A9D236280F80042A038 /* Resources */ = {
			isa = PBXResourcesBuildPhase;
			buildActionMask = 2147483647;
			files = (
			);
			runOnlyForDeploymentPostprocessing = 0;
		};
/* End PBXResourcesBuildPhase section */

/* Begin PBXShellScriptBuildPhase section */
		85C9ABD51FFFFC924011861E /* [CP] Check Pods Manifest.lock */ = {
			isa = PBXShellScriptBuildPhase;
			buildActionMask = 2147483647;
			files = (
			);
			inputFileListPaths = (
			);
			inputPaths = (
				"${PODS_PODFILE_DIR_PATH}/Podfile.lock",
				"${PODS_ROOT}/Manifest.lock",
			);
			name = "[CP] Check Pods Manifest.lock";
			outputFileListPaths = (
			);
			outputPaths = (
				"$(DERIVED_FILE_DIR)/Pods-QuakesTests-checkManifestLockResult.txt",
			);
			runOnlyForDeploymentPostprocessing = 0;
			shellPath = /bin/sh;
			shellScript = "diff \"${PODS_PODFILE_DIR_PATH}/Podfile.lock\" \"${PODS_ROOT}/Manifest.lock\" > /dev/null\nif [ $? != 0 ] ; then\n    # print error to STDERR\n    echo \"error: The sandbox is not in sync with the Podfile.lock. Run 'pod install' or update your CocoaPods installation.\" >&2\n    exit 1\nfi\n# This output is used by Xcode 'outputs' to avoid re-running this script phase.\necho \"SUCCESS\" > \"${SCRIPT_OUTPUT_FILE_0}\"\n";
			showEnvVarsInLog = 0;
		};
		A75A6D63E7F2B65B31E580E7 /* [CP] Check Pods Manifest.lock */ = {
			isa = PBXShellScriptBuildPhase;
			buildActionMask = 2147483647;
			files = (
			);
			inputFileListPaths = (
			);
			inputPaths = (
				"${PODS_PODFILE_DIR_PATH}/Podfile.lock",
				"${PODS_ROOT}/Manifest.lock",
			);
			name = "[CP] Check Pods Manifest.lock";
			outputFileListPaths = (
			);
			outputPaths = (
				"$(DERIVED_FILE_DIR)/Pods-Quakes-checkManifestLockResult.txt",
			);
			runOnlyForDeploymentPostprocessing = 0;
			shellPath = /bin/sh;
			shellScript = "diff \"${PODS_PODFILE_DIR_PATH}/Podfile.lock\" \"${PODS_ROOT}/Manifest.lock\" > /dev/null\nif [ $? != 0 ] ; then\n    # print error to STDERR\n    echo \"error: The sandbox is not in sync with the Podfile.lock. Run 'pod install' or update your CocoaPods installation.\" >&2\n    exit 1\nfi\n# This output is used by Xcode 'outputs' to avoid re-running this script phase.\necho \"SUCCESS\" > \"${SCRIPT_OUTPUT_FILE_0}\"\n";
			showEnvVarsInLog = 0;
		};
		D134353032967C9678A9EFFE /* [CP] Embed Pods Frameworks */ = {
			isa = PBXShellScriptBuildPhase;
			buildActionMask = 2147483647;
			files = (
			);
			inputFileListPaths = (
				"${PODS_ROOT}/Target Support Files/Pods-Quakes/Pods-Quakes-frameworks-${CONFIGURATION}-input-files.xcfilelist",
			);
			name = "[CP] Embed Pods Frameworks";
			outputFileListPaths = (
				"${PODS_ROOT}/Target Support Files/Pods-Quakes/Pods-Quakes-frameworks-${CONFIGURATION}-output-files.xcfilelist",
			);
			runOnlyForDeploymentPostprocessing = 0;
			shellPath = /bin/sh;
			shellScript = "\"${PODS_ROOT}/Target Support Files/Pods-Quakes/Pods-Quakes-frameworks.sh\"\n";
			showEnvVarsInLog = 0;
		};
/* End PBXShellScriptBuildPhase section */

/* Begin PBXSourcesBuildPhase section */
		55221A85236280F60042A038 /* Sources */ = {
			isa = PBXSourcesBuildPhase;
			buildActionMask = 2147483647;
			files = (
				55221ABA2363A4770042A038 /* MainViewController.swift in Sources */,
				55221AAF236283870042A038 /* APIManager.swift in Sources */,
				55221AB7236299690042A038 /* Double+Extension.swift in Sources */,
				55221A8D236280F60042A038 /* AppDelegate.swift in Sources */,
				55221AB22362848E0042A038 /* QuakeDataModel.swift in Sources */,
				55221A8F236280F60042A038 /* SceneDelegate.swift in Sources */,
				55221AB5236296840042A038 /* Date+Extension.swift in Sources */,
			);
			runOnlyForDeploymentPostprocessing = 0;
		};
		55221A9B236280F80042A038 /* Sources */ = {
			isa = PBXSourcesBuildPhase;
			buildActionMask = 2147483647;
			files = (
				55221AA4236280F80042A038 /* APIManagerTests.swift in Sources */,
			);
			runOnlyForDeploymentPostprocessing = 0;
		};
/* End PBXSourcesBuildPhase section */

/* Begin PBXTargetDependency section */
		55221AA1236280F80042A038 /* PBXTargetDependency */ = {
			isa = PBXTargetDependency;
			target = 55221A88236280F60042A038 /* Quakes */;
			targetProxy = 55221AA0236280F80042A038 /* PBXContainerItemProxy */;
		};
/* End PBXTargetDependency section */

/* Begin PBXVariantGroup section */
		55221A92236280F60042A038 /* Main.storyboard */ = {
			isa = PBXVariantGroup;
			children = (
				55221A93236280F60042A038 /* Base */,
			);
			name = Main.storyboard;
			sourceTree = "<group>";
		};
		55221A97236280F80042A038 /* LaunchScreen.storyboard */ = {
			isa = PBXVariantGroup;
			children = (
				55221A98236280F80042A038 /* Base */,
			);
			name = LaunchScreen.storyboard;
			sourceTree = "<group>";
		};
/* End PBXVariantGroup section */

/* Begin XCBuildConfiguration section */
		55221AA6236280F80042A038 /* Debug */ = {
			isa = XCBuildConfiguration;
			buildSettings = {
				ALWAYS_SEARCH_USER_PATHS = NO;
				CLANG_ANALYZER_NONNULL = YES;
				CLANG_ANALYZER_NUMBER_OBJECT_CONVERSION = YES_AGGRESSIVE;
				CLANG_CXX_LANGUAGE_STANDARD = "gnu++14";
				CLANG_CXX_LIBRARY = "libc++";
				CLANG_ENABLE_MODULES = YES;
				CLANG_ENABLE_OBJC_ARC = YES;
				CLANG_ENABLE_OBJC_WEAK = YES;
				CLANG_WARN_BLOCK_CAPTURE_AUTORELEASING = YES;
				CLANG_WARN_BOOL_CONVERSION = YES;
				CLANG_WARN_COMMA = YES;
				CLANG_WARN_CONSTANT_CONVERSION = YES;
				CLANG_WARN_DEPRECATED_OBJC_IMPLEMENTATIONS = YES;
				CLANG_WARN_DIRECT_OBJC_ISA_USAGE = YES_ERROR;
				CLANG_WARN_DOCUMENTATION_COMMENTS = YES;
				CLANG_WARN_EMPTY_BODY = YES;
				CLANG_WARN_ENUM_CONVERSION = YES;
				CLANG_WARN_INFINITE_RECURSION = YES;
				CLANG_WARN_INT_CONVERSION = YES;
				CLANG_WARN_NON_LITERAL_NULL_CONVERSION = YES;
				CLANG_WARN_OBJC_IMPLICIT_RETAIN_SELF = YES;
				CLANG_WARN_OBJC_LITERAL_CONVERSION = YES;
				CLANG_WARN_OBJC_ROOT_CLASS = YES_ERROR;
				CLANG_WARN_RANGE_LOOP_ANALYSIS = YES;
				CLANG_WARN_STRICT_PROTOTYPES = YES;
				CLANG_WARN_SUSPICIOUS_MOVE = YES;
				CLANG_WARN_UNGUARDED_AVAILABILITY = YES_AGGRESSIVE;
				CLANG_WARN_UNREACHABLE_CODE = YES;
				CLANG_WARN__DUPLICATE_METHOD_MATCH = YES;
				COPY_PHASE_STRIP = NO;
				DEBUG_INFORMATION_FORMAT = dwarf;
				ENABLE_STRICT_OBJC_MSGSEND = YES;
				ENABLE_TESTABILITY = YES;
				GCC_C_LANGUAGE_STANDARD = gnu11;
				GCC_DYNAMIC_NO_PIC = NO;
				GCC_NO_COMMON_BLOCKS = YES;
				GCC_OPTIMIZATION_LEVEL = 0;
				GCC_PREPROCESSOR_DEFINITIONS = (
					"DEBUG=1",
					"$(inherited)",
				);
				GCC_WARN_64_TO_32_BIT_CONVERSION = YES;
				GCC_WARN_ABOUT_RETURN_TYPE = YES_ERROR;
				GCC_WARN_UNDECLARED_SELECTOR = YES;
				GCC_WARN_UNINITIALIZED_AUTOS = YES_AGGRESSIVE;
				GCC_WARN_UNUSED_FUNCTION = YES;
				GCC_WARN_UNUSED_VARIABLE = YES;
				IPHONEOS_DEPLOYMENT_TARGET = 13.0;
				MTL_ENABLE_DEBUG_INFO = INCLUDE_SOURCE;
				MTL_FAST_MATH = YES;
				ONLY_ACTIVE_ARCH = YES;
				SDKROOT = iphoneos;
				SWIFT_ACTIVE_COMPILATION_CONDITIONS = DEBUG;
				SWIFT_OPTIMIZATION_LEVEL = "-Onone";
			};
			name = Debug;
		};
		55221AA7236280F80042A038 /* Release */ = {
			isa = XCBuildConfiguration;
			buildSettings = {
				ALWAYS_SEARCH_USER_PATHS = NO;
				CLANG_ANALYZER_NONNULL = YES;
				CLANG_ANALYZER_NUMBER_OBJECT_CONVERSION = YES_AGGRESSIVE;
				CLANG_CXX_LANGUAGE_STANDARD = "gnu++14";
				CLANG_CXX_LIBRARY = "libc++";
				CLANG_ENABLE_MODULES = YES;
				CLANG_ENABLE_OBJC_ARC = YES;
				CLANG_ENABLE_OBJC_WEAK = YES;
				CLANG_WARN_BLOCK_CAPTURE_AUTORELEASING = YES;
				CLANG_WARN_BOOL_CONVERSION = YES;
				CLANG_WARN_COMMA = YES;
				CLANG_WARN_CONSTANT_CONVERSION = YES;
				CLANG_WARN_DEPRECATED_OBJC_IMPLEMENTATIONS = YES;
				CLANG_WARN_DIRECT_OBJC_ISA_USAGE = YES_ERROR;
				CLANG_WARN_DOCUMENTATION_COMMENTS = YES;
				CLANG_WARN_EMPTY_BODY = YES;
				CLANG_WARN_ENUM_CONVERSION = YES;
				CLANG_WARN_INFINITE_RECURSION = YES;
				CLANG_WARN_INT_CONVERSION = YES;
				CLANG_WARN_NON_LITERAL_NULL_CONVERSION = YES;
				CLANG_WARN_OBJC_IMPLICIT_RETAIN_SELF = YES;
				CLANG_WARN_OBJC_LITERAL_CONVERSION = YES;
				CLANG_WARN_OBJC_ROOT_CLASS = YES_ERROR;
				CLANG_WARN_RANGE_LOOP_ANALYSIS = YES;
				CLANG_WARN_STRICT_PROTOTYPES = YES;
				CLANG_WARN_SUSPICIOUS_MOVE = YES;
				CLANG_WARN_UNGUARDED_AVAILABILITY = YES_AGGRESSIVE;
				CLANG_WARN_UNREACHABLE_CODE = YES;
				CLANG_WARN__DUPLICATE_METHOD_MATCH = YES;
				COPY_PHASE_STRIP = NO;
				DEBUG_INFORMATION_FORMAT = "dwarf-with-dsym";
				ENABLE_NS_ASSERTIONS = NO;
				ENABLE_STRICT_OBJC_MSGSEND = YES;
				GCC_C_LANGUAGE_STANDARD = gnu11;
				GCC_NO_COMMON_BLOCKS = YES;
				GCC_WARN_64_TO_32_BIT_CONVERSION = YES;
				GCC_WARN_ABOUT_RETURN_TYPE = YES_ERROR;
				GCC_WARN_UNDECLARED_SELECTOR = YES;
				GCC_WARN_UNINITIALIZED_AUTOS = YES_AGGRESSIVE;
				GCC_WARN_UNUSED_FUNCTION = YES;
				GCC_WARN_UNUSED_VARIABLE = YES;
				IPHONEOS_DEPLOYMENT_TARGET = 13.0;
				MTL_ENABLE_DEBUG_INFO = NO;
				MTL_FAST_MATH = YES;
				SDKROOT = iphoneos;
				SWIFT_COMPILATION_MODE = wholemodule;
				SWIFT_OPTIMIZATION_LEVEL = "-O";
				VALIDATE_PRODUCT = YES;
			};
			name = Release;
		};
		55221AA9236280F80042A038 /* Debug */ = {
			isa = XCBuildConfiguration;
			baseConfigurationReference = 257192631A405E72169D171C /* Pods-Quakes.debug.xcconfig */;
			buildSettings = {
				ASSETCATALOG_COMPILER_APPICON_NAME = AppIcon;
				CODE_SIGN_STYLE = Automatic;
				DEVELOPMENT_TEAM = A983637AY3;
				INFOPLIST_FILE = Quakes/Info.plist;
				LD_RUNPATH_SEARCH_PATHS = (
					"$(inherited)",
					"@executable_path/Frameworks",
				);
				PRODUCT_BUNDLE_IDENTIFIER = com.adrianbolinger.Quakes;
				PRODUCT_NAME = "$(TARGET_NAME)";
				SWIFT_VERSION = 5.0;
				TARGETED_DEVICE_FAMILY = "1,2";
			};
			name = Debug;
		};
		55221AAA236280F80042A038 /* Release */ = {
			isa = XCBuildConfiguration;
			baseConfigurationReference = B2D2120234C790A92956F24F /* Pods-Quakes.release.xcconfig */;
			buildSettings = {
				ASSETCATALOG_COMPILER_APPICON_NAME = AppIcon;
				CODE_SIGN_STYLE = Automatic;
				DEVELOPMENT_TEAM = A983637AY3;
				INFOPLIST_FILE = Quakes/Info.plist;
				LD_RUNPATH_SEARCH_PATHS = (
					"$(inherited)",
					"@executable_path/Frameworks",
				);
				PRODUCT_BUNDLE_IDENTIFIER = com.adrianbolinger.Quakes;
				PRODUCT_NAME = "$(TARGET_NAME)";
				SWIFT_VERSION = 5.0;
				TARGETED_DEVICE_FAMILY = "1,2";
			};
			name = Release;
		};
		55221AAC236280F80042A038 /* Debug */ = {
			isa = XCBuildConfiguration;
			baseConfigurationReference = 87019713900DCDE079AEE092 /* Pods-QuakesTests.debug.xcconfig */;
			buildSettings = {
				ALWAYS_EMBED_SWIFT_STANDARD_LIBRARIES = YES;
				BUNDLE_LOADER = "$(TEST_HOST)";
				CODE_SIGN_STYLE = Automatic;
				DEVELOPMENT_TEAM = A983637AY3;
				INFOPLIST_FILE = QuakesTests/Info.plist;
				IPHONEOS_DEPLOYMENT_TARGET = 13.0;
				LD_RUNPATH_SEARCH_PATHS = (
					"$(inherited)",
					"@executable_path/Frameworks",
					"@loader_path/Frameworks",
				);
				PRODUCT_BUNDLE_IDENTIFIER = com.adrianbolinger.QuakesTests;
				PRODUCT_NAME = "$(TARGET_NAME)";
				SWIFT_VERSION = 5.0;
				TARGETED_DEVICE_FAMILY = "1,2";
				TEST_HOST = "$(BUILT_PRODUCTS_DIR)/Quakes.app/Quakes";
			};
			name = Debug;
		};
		55221AAD236280F80042A038 /* Release */ = {
			isa = XCBuildConfiguration;
			baseConfigurationReference = DE120EF4BD28CAB0AD899CC6 /* Pods-QuakesTests.release.xcconfig */;
			buildSettings = {
				ALWAYS_EMBED_SWIFT_STANDARD_LIBRARIES = YES;
				BUNDLE_LOADER = "$(TEST_HOST)";
				CODE_SIGN_STYLE = Automatic;
				DEVELOPMENT_TEAM = A983637AY3;
				INFOPLIST_FILE = QuakesTests/Info.plist;
				IPHONEOS_DEPLOYMENT_TARGET = 13.0;
				LD_RUNPATH_SEARCH_PATHS = (
					"$(inherited)",
					"@executable_path/Frameworks",
					"@loader_path/Frameworks",
				);
				PRODUCT_BUNDLE_IDENTIFIER = com.adrianbolinger.QuakesTests;
				PRODUCT_NAME = "$(TARGET_NAME)";
				SWIFT_VERSION = 5.0;
				TARGETED_DEVICE_FAMILY = "1,2";
				TEST_HOST = "$(BUILT_PRODUCTS_DIR)/Quakes.app/Quakes";
			};
			name = Release;
		};
/* End XCBuildConfiguration section */

/* Begin XCConfigurationList section */
		55221A84236280F60042A038 /* Build configuration list for PBXProject "Quakes" */ = {
			isa = XCConfigurationList;
			buildConfigurations = (
				55221AA6236280F80042A038 /* Debug */,
				55221AA7236280F80042A038 /* Release */,
			);
			defaultConfigurationIsVisible = 0;
			defaultConfigurationName = Release;
		};
		55221AA8236280F80042A038 /* Build configuration list for PBXNativeTarget "Quakes" */ = {
			isa = XCConfigurationList;
			buildConfigurations = (
				55221AA9236280F80042A038 /* Debug */,
				55221AAA236280F80042A038 /* Release */,
			);
			defaultConfigurationIsVisible = 0;
			defaultConfigurationName = Release;
		};
		55221AAB236280F80042A038 /* Build configuration list for PBXNativeTarget "QuakesTests" */ = {
			isa = XCConfigurationList;
			buildConfigurations = (
				55221AAC236280F80042A038 /* Debug */,
				55221AAD236280F80042A038 /* Release */,
			);
			defaultConfigurationIsVisible = 0;
			defaultConfigurationName = Release;
		};
/* End XCConfigurationList section */
	};
	rootObject = 55221A81236280F60042A038 /* Project object */;
}
